
Microsoft Visual Studio Solution File, Format Version 12.00
# Visual Studio 2012
Project("{FAE04EC0-301F-11D3-BF4B-00C04F79EFBC}") = "retailer", "retailer\retailer.csproj", "{71B9F8BF-984F-4943-8C01-7F38F54C5021}"
EndProject
Global
	GlobalSection(SolutionConfigurationPlatforms) = preSolution
		Debug|Any CPU = Debug|Any CPU
		Release|Any CPU = Release|Any CPU
	EndGlobalSection
	GlobalSection(ProjectConfigurationPlatforms) = postSolution
		{71B9F8BF-984F-4943-8C01-7F38F54C5021}.Debug|Any CPU.ActiveCfg = Debug|Any CPU
		{71B9F8BF-984F-4943-8C01-7F38F54C5021}.Debug|Any CPU.Build.0 = Debug|Any CPU
		{71B9F8BF-984F-4943-8C01-7F38F54C5021}.Release|Any CPU.ActiveCfg = Release|Any CPU
		{71B9F8BF-984F-4943-8C01-7F38F54C5021}.Release|Any CPU.Build.0 = Release|Any CPU
	EndGlobalSection
	GlobalSection(SolutionProperties) = preSolution
		HideSolutionNode = FALSE
	EndGlobalSection
EndGlobal
